
Microsoft Visual Studio Solution File, Format Version 12.00
# Visual Studio 2012
Project("{FAE04EC0-301F-11D3-BF4B-00C04F79EFBC}") = "CatchingFish", "CatchingFish\CatchingFish\CatchingFish.csproj", "{C09DFEB7-031F-400A-ADA0-262FF982F92B}"
EndProject
Project("{96E2B04D-8817-42C6-938A-82C39BA4D311}") = "CatchingFishContent", "CatchingFish\CatchingFishContent\CatchingFishContent.contentproj", "{B932AA91-E7D4-41C8-81B1-D2164595535A}"
EndProject
Global
	GlobalSection(SolutionConfigurationPlatforms) = preSolution
		Debug|Windows Phone = Debug|Windows Phone
		Release|Windows Phone = Release|Windows Phone
	EndGlobalSection
	GlobalSection(ProjectConfigurationPlatforms) = postSolution
		{C09DFEB7-031F-400A-ADA0-262FF982F92B}.Debug|Windows Phone.ActiveCfg = Debug|Windows Phone
		{C09DFEB7-031F-400A-ADA0-262FF982F92B}.Debug|Windows Phone.Build.0 = Debug|Windows Phone
		{C09DFEB7-031F-400A-ADA0-262FF982F92B}.Debug|Windows Phone.Deploy.0 = Debug|Windows Phone
		{C09DFEB7-031F-400A-ADA0-262FF982F92B}.Release|Windows Phone.ActiveCfg = Release|Windows Phone
		{C09DFEB7-031F-400A-ADA0-262FF982F92B}.Release|Windows Phone.Build.0 = Release|Windows Phone
		{C09DFEB7-031F-400A-ADA0-262FF982F92B}.Release|Windows Phone.Deploy.0 = Release|Windows Phone
		{B932AA91-E7D4-41C8-81B1-D2164595535A}.Debug|Windows Phone.ActiveCfg = Debug|Windows Phone
		{B932AA91-E7D4-41C8-81B1-D2164595535A}.Release|Windows Phone.ActiveCfg = Release|Windows Phone
	EndGlobalSection
	GlobalSection(SolutionProperties) = preSolution
		HideSolutionNode = FALSE
	EndGlobalSection
EndGlobal
